
Microsoft Visual Studio Solution File, Format Version 12.00
# Visual Studio Version 16
VisualStudioVersion = 16.0.32802.440
MinimumVisualStudioVersion = 10.0.40219.1
Project("{FAE04EC0-301F-11D3-BF4B-00C04F79EFBC}") = "Radar_Analysis_Program", "Radar_Analysis_Program\Radar_Analysis_Program.csproj", "{34C1A8D8-C762-4A75-AF08-21E96DF4F571}"
EndProject
Global
	GlobalSection(SolutionConfigurationPlatforms) = preSolution
		Debug|Any CPU = Debug|Any CPU
		Release|Any CPU = Release|Any CPU
	EndGlobalSection
	GlobalSection(ProjectConfigurationPlatforms) = postSolution
		{34C1A8D8-C762-4A75-AF08-21E96DF4F571}.Debug|Any CPU.ActiveCfg = Debug|Any CPU
		{34C1A8D8-C762-4A75-AF08-21E96DF4F571}.Debug|Any CPU.Build.0 = Debug|Any CPU
		{34C1A8D8-C762-4A75-AF08-21E96DF4F571}.Release|Any CPU.ActiveCfg = Release|Any CPU
		{34C1A8D8-C762-4A75-AF08-21E96DF4F571}.Release|Any CPU.Build.0 = Release|Any CPU
	EndGlobalSection
	GlobalSection(SolutionProperties) = preSolution
		HideSolutionNode = FALSE
	EndGlobalSection
	GlobalSection(ExtensibilityGlobals) = postSolution
		SolutionGuid = {A51A9112-47B8-4B9F-A448-422805E16490}
	EndGlobalSection
EndGlobal
